// !$*UTF8*$!
{
	archiveVersion = 1;
	classes = {
	};
	objectVersion = 77;
	objects = {

/* Begin PBXContainerItemProxy section */
		FCE1D73D2E12FBBE00C90FCB /* PBXContainerItemProxy */ = {
			isa = PBXContainerItemProxy;
			containerPortal = FCE1D7262E12FBBD00C90FCB /* Project object */;
			proxyType = 1;
			remoteGlobalIDString = FCE1D72D2E12FBBD00C90FCB;
			remoteInfo = GameControllerReceiver;
		};
		FCE1D7472E12FBBE00C90FCB /* PBXContainerItemProxy */ = {
			isa = PBXContainerItemProxy;
			containerPortal = FCE1D7262E12FBBD00C90FCB /* Project object */;
			proxyType = 1;
			remoteGlobalIDString = FCE1D72D2E12FBBD00C90FCB;
			remoteInfo = GameControllerReceiver;
		};
/* End PBXContainerItemProxy section */

/* Begin PBXFileReference section */
		FCE1D72E2E12FBBD00C90FCB /* GameControllerReceiver.app */ = {isa = PBXFileReference; explicitFileType = wrapper.application; includeInIndex = 0; path = GameControllerReceiver.app; sourceTree = BUILT_PRODUCTS_DIR; };
		FCE1D73C2E12FBBE00C90FCB /* GameControllerReceiverTests.xctest */ = {isa = PBXFileReference; explicitFileType = wrapper.cfbundle; includeInIndex = 0; path = GameControllerReceiverTests.xctest; sourceTree = BUILT_PRODUCTS_DIR; };
		FCE1D7462E12FBBE00C90FCB /* GameControllerReceiverUITests.xctest */ = {isa = PBXFileReference; explicitFileType = wrapper.cfbundle; includeInIndex = 0; path = GameControllerReceiverUITests.xctest; sourceTree = BUILT_PRODUCTS_DIR; };
/* End PBXFileReference section */

/* Begin PBXFileSystemSynchronizedRootGroup section */
		FCE1D7302E12FBBD00C90FCB /* GameControllerReceiver */ = {
			isa = PBXFileSystemSynchronizedRootGroup;
			path = GameControllerReceiver;
			sourceTree = "<group>";
		};
		FCE1D73F2E12FBBE00C90FCB /* GameControllerReceiverTests */ = {
			isa = PBXFileSystemSynchronizedRootGroup;
			path = GameControllerReceiverTests;
			sourceTree = "<group>";
		};
		FCE1D7492E12FBBE00C90FCB /* GameControllerReceiverUITests */ = {
			isa = PBXFileSystemSynchronizedRootGroup;
			path = GameControllerReceiverUITests;
			sourceTree = "<group>";
		};
/* End PBXFileSystemSynchronizedRootGroup section */

/* Begin PBXFrameworksBuildPhase section */
		FCE1D72B2E12FBBD00C90FCB /* Frameworks */ = {
			isa = PBXFrameworksBuildPhase;
			buildActionMask = 2147483647;
			files = (
			);
			runOnlyForDeploymentPostprocessing = 0;
		};
		FCE1D7392E12FBBE00C90FCB /* Frameworks */ = {
			isa = PBXFrameworksBuildPhase;
			buildActionMask = 2147483647;
			files = (
			);
			runOnlyForDeploymentPostprocessing = 0;
		};
		FCE1D7432E12FBBE00C90FCB /* Frameworks */ = {
			isa = PBXFrameworksBuildPhase;
			buildActionMask = 2147483647;
			files = (
			);
			runOnlyForDeploymentPostprocessing = 0;
		};
/* End PBXFrameworksBuildPhase section */

/* Begin PBXGroup section */
		FCE1D7252E12FBBD00C90FCB = {
			isa = PBXGroup;
			children = (
				FCE1D7302E12FBBD00C90FCB /* GameControllerReceiver */,
				FCE1D73F2E12FBBE00C90FCB /* GameControllerReceiverTests */,
				FCE1D7492E12FBBE00C90FCB /* GameControllerReceiverUITests */,
				FCE1D72F2E12FBBD00C90FCB /* Products */,
			);
			sourceTree = "<group>";
		};
		FCE1D72F2E12FBBD00C90FCB /* Products */ = {
			isa = PBXGroup;
			children = (
				FCE1D72E2E12FBBD00C90FCB /* GameControllerReceiver.app */,
				FCE1D73C2E12FBBE00C90FCB /* GameControllerReceiverTests.xctest */,
				FCE1D7462E12FBBE00C90FCB /* GameControllerReceiverUITests.xctest */,
			);
			name = Products;
			sourceTree = "<group>";
		};
/* End PBXGroup section */

/* Begin PBXNativeTarget section */
		FCE1D72D2E12FBBD00C90FCB /* GameControllerReceiver */ = {
			isa = PBXNativeTarget;
			buildConfigurationList = FCE1D7502E12FBBE00C90FCB /* Build configuration list for PBXNativeTarget "GameControllerReceiver" */;
			buildPhases = (
				FCE1D72A2E12FBBD00C90FCB /* Sources */,
				FCE1D72B2E12FBBD00C90FCB /* Frameworks */,
				FCE1D72C2E12FBBD00C90FCB /* Resources */,
			);
			buildRules = (
			);
			dependencies = (
			);
			fileSystemSynchronizedGroups = (
				FCE1D7302E12FBBD00C90FCB /* GameControllerReceiver */,
			);
			name = GameControllerReceiver;
			packageProductDependencies = (
			);
			productName = GameControllerReceiver;
			productReference = FCE1D72E2E12FBBD00C90FCB /* GameControllerReceiver.app */;
			productType = "com.apple.product-type.application";
		};
		FCE1D73B2E12FBBE00C90FCB /* GameControllerReceiverTests */ = {
			isa = PBXNativeTarget;
			buildConfigurationList = FCE1D7532E12FBBE00C90FCB /* Build configuration list for PBXNativeTarget "GameControllerReceiverTests" */;
			buildPhases = (
				FCE1D7382E12FBBE00C90FCB /* Sources */,
				FCE1D7392E12FBBE00C90FCB /* Frameworks */,
				FCE1D73A2E12FBBE00C90FCB /* Resources */,
			);
			buildRules = (
			);
			dependencies = (
				FCE1D73E2E12FBBE00C90FCB /* PBXTargetDependency */,
			);
			fileSystemSynchronizedGroups = (
				FCE1D73F2E12FBBE00C90FCB /* GameControllerReceiverTests */,
			);
			name = GameControllerReceiverTests;
			packageProductDependencies = (
			);
			productName = GameControllerReceiverTests;
			productReference = FCE1D73C2E12FBBE00C90FCB /* GameControllerReceiverTests.xctest */;
			productType = "com.apple.product-type.bundle.unit-test";
		};
		FCE1D7452E12FBBE00C90FCB /* GameControllerReceiverUITests */ = {
			isa = PBXNativeTarget;
			buildConfigurationList = FCE1D7562E12FBBE00C90FCB /* Build configuration list for PBXNativeTarget "GameControllerReceiverUITests" */;
			buildPhases = (
				FCE1D7422E12FBBE00C90FCB /* Sources */,
				FCE1D7432E12FBBE00C90FCB /* Frameworks */,
				FCE1D7442E12FBBE00C90FCB /* Resources */,
			);
			buildRules = (
			);
			dependencies = (
				FCE1D7482E12FBBE00C90FCB /* PBXTargetDependency */,
			);
			fileSystemSynchronizedGroups = (
				FCE1D7492E12FBBE00C90FCB /* GameControllerReceiverUITests */,
			);
			name = GameControllerReceiverUITests;
			packageProductDependencies = (
			);
			productName = GameControllerReceiverUITests;
			productReference = FCE1D7462E12FBBE00C90FCB /* GameControllerReceiverUITests.xctest */;
			productType = "com.apple.product-type.bundle.ui-testing";
		};
/* End PBXNativeTarget section */

/* Begin PBXProject section */
		FCE1D7262E12FBBD00C90FCB /* Project object */ = {
			isa = PBXProject;
			attributes = {
				BuildIndependentTargetsInParallel = 1;
				LastSwiftUpdateCheck = 1640;
				LastUpgradeCheck = 1640;
				TargetAttributes = {
					FCE1D72D2E12FBBD00C90FCB = {
						CreatedOnToolsVersion = 16.4;
					};
					FCE1D73B2E12FBBE00C90FCB = {
						CreatedOnToolsVersion = 16.4;
						TestTargetID = FCE1D72D2E12FBBD00C90FCB;
					};
					FCE1D7452E12FBBE00C90FCB = {
						CreatedOnToolsVersion = 16.4;
						TestTargetID = FCE1D72D2E12FBBD00C90FCB;
					};
				};
			};
			buildConfigurationList = FCE1D7292E12FBBD00C90FCB /* Build configuration list for PBXProject "GameControllerReceiver" */;
			developmentRegion = en;
			hasScannedForEncodings = 0;
			knownRegions = (
				en,
				Base,
			);
			mainGroup = FCE1D7252E12FBBD00C90FCB;
			minimizedProjectReferenceProxies = 1;
			preferredProjectObjectVersion = 77;
			productRefGroup = FCE1D72F2E12FBBD00C90FCB /* Products */;
			projectDirPath = "";
			projectRoot = "";
			targets = (
				FCE1D72D2E12FBBD00C90FCB /* GameControllerReceiver */,
				FCE1D73B2E12FBBE00C90FCB /* GameControllerReceiverTests */,
				FCE1D7452E12FBBE00C90FCB /* GameControllerReceiverUITests */,
			);
		};
/* End PBXProject section */

/* Begin PBXResourcesBuildPhase section */
		FCE1D72C2E12FBBD00C90FCB /* Resources */ = {
			isa = PBXResourcesBuildPhase;
			buildActionMask = 2147483647;
			files = (
			);
			runOnlyForDeploymentPostprocessing = 0;
		};
		FCE1D73A2E12FBBE00C90FCB /* Resources */ = {
			isa = PBXResourcesBuildPhase;
			buildActionMask = 2147483647;
			files = (
			);
			runOnlyForDeploymentPostprocessing = 0;
		};
		FCE1D7442E12FBBE00C90FCB /* Resources */ = {
			isa = PBXResourcesBuildPhase;
			buildActionMask = 2147483647;
			files = (
			);
			runOnlyForDeploymentPostprocessing = 0;
		};
/* End PBXResourcesBuildPhase section */

/* Begin PBXSourcesBuildPhase section */
		FCE1D72A2E12FBBD00C90FCB /* Sources */ = {
			isa = PBXSourcesBuildPhase;
			buildActionMask = 2147483647;
			files = (
			);
			runOnlyForDeploymentPostprocessing = 0;
		};
		FCE1D7382E12FBBE00C90FCB /* Sources */ = {
			isa = PBXSourcesBuildPhase;
			buildActionMask = 2147483647;
			files = (
			);
			runOnlyForDeploymentPostprocessing = 0;
		};
		FCE1D7422E12FBBE00C90FCB /* Sources */ = {
			isa = PBXSourcesBuildPhase;
			buildActionMask = 2147483647;
			files = (
			);
			runOnlyForDeploymentPostprocessing = 0;
		};
/* End PBXSourcesBuildPhase section */

/* Begin PBXTargetDependency section */
		FCE1D73E2E12FBBE00C90FCB /* PBXTargetDependency */ = {
			isa = PBXTargetDependency;
			target = FCE1D72D2E12FBBD00C90FCB /* GameControllerReceiver */;
			targetProxy = FCE1D73D2E12FBBE00C90FCB /* PBXContainerItemProxy */;
		};
		FCE1D7482E12FBBE00C90FCB /* PBXTargetDependency */ = {
			isa = PBXTargetDependency;
			target = FCE1D72D2E12FBBD00C90FCB /* GameControllerReceiver */;
			targetProxy = FCE1D7472E12FBBE00C90FCB /* PBXContainerItemProxy */;
		};
/* End PBXTargetDependency section */

/* Begin XCBuildConfiguration section */
		FCE1D74E2E12FBBE00C90FCB /* Debug */ = {
			isa = XCBuildConfiguration;
			buildSettings = {
				ALWAYS_SEARCH_USER_PATHS = NO;
				ASSETCATALOG_COMPILER_GENERATE_SWIFT_ASSET_SYMBOL_EXTENSIONS = YES;
				CLANG_ANALYZER_NONNULL = YES;
				CLANG_ANALYZER_NUMBER_OBJECT_CONVERSION = YES_AGGRESSIVE;
				CLANG_CXX_LANGUAGE_STANDARD = "gnu++20";
				CLANG_ENABLE_MODULES = YES;
				CLANG_ENABLE_OBJC_ARC = YES;
				CLANG_ENABLE_OBJC_WEAK = YES;
				CLANG_WARN_BLOCK_CAPTURE_AUTORELEASING = YES;
				CLANG_WARN_BOOL_CONVERSION = YES;
				CLANG_WARN_COMMA = YES;
				CLANG_WARN_CONSTANT_CONVERSION = YES;
				CLANG_WARN_DEPRECATED_OBJC_IMPLEMENTATIONS = YES;
				CLANG_WARN_DIRECT_OBJC_ISA_USAGE = YES_ERROR;
				CLANG_WARN_DOCUMENTATION_COMMENTS = YES;
				CLANG_WARN_EMPTY_BODY = YES;
				CLANG_WARN_ENUM_CONVERSION = YES;
				CLANG_WARN_INFINITE_RECURSION = YES;
				CLANG_WARN_INT_CONVERSION = YES;
				CLANG_WARN_NON_LITERAL_NULL_CONVERSION = YES;
				CLANG_WARN_OBJC_IMPLICIT_RETAIN_SELF = YES;
				CLANG_WARN_OBJC_LITERAL_CONVERSION = YES;
				CLANG_WARN_OBJC_ROOT_CLASS = YES_ERROR;
				CLANG_WARN_QUOTED_INCLUDE_IN_FRAMEWORK_HEADER = YES;
				CLANG_WARN_RANGE_LOOP_ANALYSIS = YES;
				CLANG_WARN_STRICT_PROTOTYPES = YES;
				CLANG_WARN_SUSPICIOUS_MOVE = YES;
				CLANG_WARN_UNGUARDED_AVAILABILITY = YES_AGGRESSIVE;
				CLANG_WARN_UNREACHABLE_CODE = YES;
				CLANG_WARN__DUPLICATE_METHOD_MATCH = YES;
				COPY_PHASE_STRIP = NO;
				DEBUG_INFORMATION_FORMAT = dwarf;
				DEVELOPMENT_TEAM = 753CGH6598;
				ENABLE_STRICT_OBJC_MSGSEND = YES;
				ENABLE_TESTABILITY = YES;
				ENABLE_USER_SCRIPT_SANDBOXING = YES;
				GCC_C_LANGUAGE_STANDARD = gnu17;
				GCC_DYNAMIC_NO_PIC = NO;
				GCC_NO_COMMON_BLOCKS = YES;
				GCC_OPTIMIZATION_LEVEL = 0;
				GCC_PREPROCESSOR_DEFINITIONS = (
					"DEBUG=1",
					"$(inherited)",
				);
				GCC_WARN_64_TO_32_BIT_CONVERSION = YES;
				GCC_WARN_ABOUT_RETURN_TYPE = YES_ERROR;
				GCC_WARN_UNDECLARED_SELECTOR = YES;
				GCC_WARN_UNINITIALIZED_AUTOS = YES_AGGRESSIVE;
				GCC_WARN_UNUSED_FUNCTION = YES;
				GCC_WARN_UNUSED_VARIABLE = YES;
				LOCALIZATION_PREFERS_STRING_CATALOGS = YES;
				MACOSX_DEPLOYMENT_TARGET = 15.5;
				MTL_ENABLE_DEBUG_INFO = INCLUDE_SOURCE;
				MTL_FAST_MATH = YES;
				ONLY_ACTIVE_ARCH = YES;
				SDKROOT = macosx;
				SWIFT_ACTIVE_COMPILATION_CONDITIONS = "DEBUG $(inherited)";
				SWIFT_OPTIMIZATION_LEVEL = "-Onone";
			};
			name = Debug;
		};
		FCE1D74F2E12FBBE00C90FCB /* Release */ = {
			isa = XCBuildConfiguration;
			buildSettings = {
				ALWAYS_SEARCH_USER_PATHS = NO;
				ASSETCATALOG_COMPILER_GENERATE_SWIFT_ASSET_SYMBOL_EXTENSIONS = YES;
				CLANG_ANALYZER_NONNULL = YES;
				CLANG_ANALYZER_NUMBER_OBJECT_CONVERSION = YES_AGGRESSIVE;
				CLANG_CXX_LANGUAGE_STANDARD = "gnu++20";
				CLANG_ENABLE_MODULES = YES;
				CLANG_ENABLE_OBJC_ARC = YES;
				CLANG_ENABLE_OBJC_WEAK = YES;
				CLANG_WARN_BLOCK_CAPTURE_AUTORELEASING = YES;
				CLANG_WARN_BOOL_CONVERSION = YES;
				CLANG_WARN_COMMA = YES;
				CLANG_WARN_CONSTANT_CONVERSION = YES;
				CLANG_WARN_DEPRECATED_OBJC_IMPLEMENTATIONS = YES;
				CLANG_WARN_DIRECT_OBJC_ISA_USAGE = YES_ERROR;
				CLANG_WARN_DOCUMENTATION_COMMENTS = YES;
				CLANG_WARN_EMPTY_BODY = YES;
				CLANG_WARN_ENUM_CONVERSION = YES;
				CLANG_WARN_INFINITE_RECURSION = YES;
				CLANG_WARN_INT_CONVERSION = YES;
				CLANG_WARN_NON_LITERAL_NULL_CONVERSION = YES;
				CLANG_WARN_OBJC_IMPLICIT_RETAIN_SELF = YES;
				CLANG_WARN_OBJC_LITERAL_CONVERSION = YES;
				CLANG_WARN_OBJC_ROOT_CLASS = YES_ERROR;
				CLANG_WARN_QUOTED_INCLUDE_IN_FRAMEWORK_HEADER = YES;
				CLANG_WARN_RANGE_LOOP_ANALYSIS = YES;
				CLANG_WARN_STRICT_PROTOTYPES = YES;
				CLANG_WARN_SUSPICIOUS_MOVE = YES;
				CLANG_WARN_UNGUARDED_AVAILABILITY = YES_AGGRESSIVE;
				CLANG_WARN_UNREACHABLE_CODE = YES;
				CLANG_WARN__DUPLICATE_METHOD_MATCH = YES;
				COPY_PHASE_STRIP = NO;
				DEBUG_INFORMATION_FORMAT = "dwarf-with-dsym";
				DEVELOPMENT_TEAM = 753CGH6598;
				ENABLE_NS_ASSERTIONS = NO;
				ENABLE_STRICT_OBJC_MSGSEND = YES;
				ENABLE_USER_SCRIPT_SANDBOXING = YES;
				GCC_C_LANGUAGE_STANDARD = gnu17;
				GCC_NO_COMMON_BLOCKS = YES;
				GCC_WARN_64_TO_32_BIT_CONVERSION = YES;
				GCC_WARN_ABOUT_RETURN_TYPE = YES_ERROR;
				GCC_WARN_UNDECLARED_SELECTOR = YES;
				GCC_WARN_UNINITIALIZED_AUTOS = YES_AGGRESSIVE;
				GCC_WARN_UNUSED_FUNCTION = YES;
				GCC_WARN_UNUSED_VARIABLE = YES;
				LOCALIZATION_PREFERS_STRING_CATALOGS = YES;
				MACOSX_DEPLOYMENT_TARGET = 15.5;
				MTL_ENABLE_DEBUG_INFO = NO;
				MTL_FAST_MATH = YES;
				SDKROOT = macosx;
				SWIFT_COMPILATION_MODE = wholemodule;
			};
			name = Release;
		};
		FCE1D7512E12FBBE00C90FCB /* Debug */ = {
			isa = XCBuildConfiguration;
			buildSettings = {
				ASSETCATALOG_COMPILER_APPICON_NAME = AppIcon;
				ASSETCATALOG_COMPILER_GLOBAL_ACCENT_COLOR_NAME = AccentColor;
				CODE_SIGN_ENTITLEMENTS = GameControllerReceiver/GameControllerReceiver.entitlements;
				CODE_SIGN_STYLE = Automatic;
				COMBINE_HIDPI_IMAGES = YES;
				CURRENT_PROJECT_VERSION = 1;
				DEVELOPMENT_TEAM = 753CGH6598;
				ENABLE_HARDENED_RUNTIME = YES;
				ENABLE_PREVIEWS = YES;
				GENERATE_INFOPLIST_FILE = YES;
				INFOPLIST_KEY_NSHumanReadableCopyright = "";
				LD_RUNPATH_SEARCH_PATHS = (
					"$(inherited)",
					"@executable_path/../Frameworks",
				);
				MARKETING_VERSION = 1.0;
				PRODUCT_BUNDLE_IDENTIFIER = Sparrow.GameControllerReceiver;
				PRODUCT_NAME = "$(TARGET_NAME)";
				REGISTER_APP_GROUPS = YES;
				SWIFT_EMIT_LOC_STRINGS = YES;
				SWIFT_VERSION = 5.0;
			};
			name = Debug;
		};
		FCE1D7522E12FBBE00C90FCB /* Release */ = {
			isa = XCBuildConfiguration;
			buildSettings = {
				ASSETCATALOG_COMPILER_APPICON_NAME = AppIcon;
				ASSETCATALOG_COMPILER_GLOBAL_ACCENT_COLOR_NAME = AccentColor;
				CODE_SIGN_ENTITLEMENTS = GameControllerReceiver/GameControllerReceiver.entitlements;
				CODE_SIGN_STYLE = Automatic;
				COMBINE_HIDPI_IMAGES = YES;
				CURRENT_PROJECT_VERSION = 1;
				DEVELOPMENT_TEAM = 753CGH6598;
				ENABLE_HARDENED_RUNTIME = YES;
				ENABLE_PREVIEWS = YES;
				GENERATE_INFOPLIST_FILE = YES;
				INFOPLIST_KEY_NSHumanReadableCopyright = "";
				LD_RUNPATH_SEARCH_PATHS = (
					"$(inherited)",
					"@executable_path/../Frameworks",
				);
				MARKETING_VERSION = 1.0;
				PRODUCT_BUNDLE_IDENTIFIER = Sparrow.GameControllerReceiver;
				PRODUCT_NAME = "$(TARGET_NAME)";
				REGISTER_APP_GROUPS = YES;
				SWIFT_EMIT_LOC_STRINGS = YES;
				SWIFT_VERSION = 5.0;
			};
			name = Release;
		};
		FCE1D7542E12FBBE00C90FCB /* Debug */ = {
			isa = XCBuildConfiguration;
			buildSettings = {
				BUNDLE_LOADER = "$(TEST_HOST)";
				CODE_SIGN_STYLE = Automatic;
				CURRENT_PROJECT_VERSION = 1;
				DEVELOPMENT_TEAM = 753CGH6598;
				GENERATE_INFOPLIST_FILE = YES;
				MACOSX_DEPLOYMENT_TARGET = 15.5;
				MARKETING_VERSION = 1.0;
				PRODUCT_BUNDLE_IDENTIFIER = Sparrow.GameControllerReceiverTests;
				PRODUCT_NAME = "$(TARGET_NAME)";
				SWIFT_EMIT_LOC_STRINGS = NO;
				SWIFT_VERSION = 5.0;
				TEST_HOST = "$(BUILT_PRODUCTS_DIR)/GameControllerReceiver.app/$(BUNDLE_EXECUTABLE_FOLDER_PATH)/GameControllerReceiver";
			};
			name = Debug;
		};
		FCE1D7552E12FBBE00C90FCB /* Release */ = {
			isa = XCBuildConfiguration;
			buildSettings = {
				BUNDLE_LOADER = "$(TEST_HOST)";
				CODE_SIGN_STYLE = Automatic;
				CURRENT_PROJECT_VERSION = 1;
				DEVELOPMENT_TEAM = 753CGH6598;
				GENERATE_INFOPLIST_FILE = YES;
				MACOSX_DEPLOYMENT_TARGET = 15.5;
				MARKETING_VERSION = 1.0;
				PRODUCT_BUNDLE_IDENTIFIER = Sparrow.GameControllerReceiverTests;
				PRODUCT_NAME = "$(TARGET_NAME)";
				SWIFT_EMIT_LOC_STRINGS = NO;
				SWIFT_VERSION = 5.0;
				TEST_HOST = "$(BUILT_PRODUCTS_DIR)/GameControllerReceiver.app/$(BUNDLE_EXECUTABLE_FOLDER_PATH)/GameControllerReceiver";
			};
			name = Release;
		};
		FCE1D7572E12FBBE00C90FCB /* Debug */ = {
			isa = XCBuildConfiguration;
			buildSettings = {
				CODE_SIGN_STYLE = Automatic;
				CURRENT_PROJECT_VERSION = 1;
				DEVELOPMENT_TEAM = 753CGH6598;
				GENERATE_INFOPLIST_FILE = YES;
				MARKETING_VERSION = 1.0;
				PRODUCT_BUNDLE_IDENTIFIER = Sparrow.GameControllerReceiverUITests;
				PRODUCT_NAME = "$(TARGET_NAME)";
				SWIFT_EMIT_LOC_STRINGS = NO;
				SWIFT_VERSION = 5.0;
				TEST_TARGET_NAME = GameControllerReceiver;
			};
			name = Debug;
		};
		FCE1D7582E12FBBE00C90FCB /* Release */ = {
			isa = XCBuildConfiguration;
			buildSettings = {
				CODE_SIGN_STYLE = Automatic;
				CURRENT_PROJECT_VERSION = 1;
				DEVELOPMENT_TEAM = 753CGH6598;
				GENERATE_INFOPLIST_FILE = YES;
				MARKETING_VERSION = 1.0;
				PRODUCT_BUNDLE_IDENTIFIER = Sparrow.GameControllerReceiverUITests;
				PRODUCT_NAME = "$(TARGET_NAME)";
				SWIFT_EMIT_LOC_STRINGS = NO;
				SWIFT_VERSION = 5.0;
				TEST_TARGET_NAME = GameControllerReceiver;
			};
			name = Release;
		};
/* End XCBuildConfiguration section */

/* Begin XCConfigurationList section */
		FCE1D7292E12FBBD00C90FCB /* Build configuration list for PBXProject "GameControllerReceiver" */ = {
			isa = XCConfigurationList;
			buildConfigurations = (
				FCE1D74E2E12FBBE00C90FCB /* Debug */,
				FCE1D74F2E12FBBE00C90FCB /* Release */,
			);
			defaultConfigurationIsVisible = 0;
			defaultConfigurationName = Release;
		};
		FCE1D7502E12FBBE00C90FCB /* Build configuration list for PBXNativeTarget "GameControllerReceiver" */ = {
			isa = XCConfigurationList;
			buildConfigurations = (
				FCE1D7512E12FBBE00C90FCB /* Debug */,
				FCE1D7522E12FBBE00C90FCB /* Release */,
			);
			defaultConfigurationIsVisible = 0;
			defaultConfigurationName = Release;
		};
		FCE1D7532E12FBBE00C90FCB /* Build configuration list for PBXNativeTarget "GameControllerReceiverTests" */ = {
			isa = XCConfigurationList;
			buildConfigurations = (
				FCE1D7542E12FBBE00C90FCB /* Debug */,
				FCE1D7552E12FBBE00C90FCB /* Release */,
			);
			defaultConfigurationIsVisible = 0;
			defaultConfigurationName = Release;
		};
		FCE1D7562E12FBBE00C90FCB /* Build configuration list for PBXNativeTarget "GameControllerReceiverUITests" */ = {
			isa = XCConfigurationList;
			buildConfigurations = (
				FCE1D7572E12FBBE00C90FCB /* Debug */,
				FCE1D7582E12FBBE00C90FCB /* Release */,
			);
			defaultConfigurationIsVisible = 0;
			defaultConfigurationName = Release;
		};
/* End XCConfigurationList section */
	};
	rootObject = FCE1D7262E12FBBD00C90FCB /* Project object */;
}
